// !$*UTF8*$!
{
	archiveVersion = 1;
	classes = {
	};
	objectVersion = 50;
	objects = {

/* Begin PBXBuildFile section */
		A593A6FC20E83AAD00045291 /* RxNimble.h in Headers */ = {isa = PBXBuildFile; fileRef = A593A6FA20E83AAD00045291 /* RxNimble.h */; settings = {ATTRIBUTES = (Public, ); }; };
		A593A73B20E9368100045291 /* RxNimble_macOS.h in Headers */ = {isa = PBXBuildFile; fileRef = A593A73920E9368100045291 /* RxNimble_macOS.h */; settings = {ATTRIBUTES = (Public, ); }; };
		A593A74B20E9566700045291 /* RxNimble_tvOS.h in Headers */ = {isa = PBXBuildFile; fileRef = A593A74920E9566700045291 /* RxNimble_tvOS.h */; settings = {ATTRIBUTES = (Public, ); }; };
		A593A75820E95AC700045291 /* Expectation+Ext.swift in Sources */ = {isa = PBXBuildFile; fileRef = A593A75520E95AC700045291 /* Expectation+Ext.swift */; };
		A593A75920E95AC700045291 /* Expectation+Ext.swift in Sources */ = {isa = PBXBuildFile; fileRef = A593A75520E95AC700045291 /* Expectation+Ext.swift */; };
		A593A75A20E95AC700045291 /* Expectation+Ext.swift in Sources */ = {isa = PBXBuildFile; fileRef = A593A75520E95AC700045291 /* Expectation+Ext.swift */; };
		A593A75B20E95AC700045291 /* Expectation+Blocking.swift in Sources */ = {isa = PBXBuildFile; fileRef = A593A75620E95AC700045291 /* Expectation+Blocking.swift */; };
		A593A75C20E95AC700045291 /* Expectation+Blocking.swift in Sources */ = {isa = PBXBuildFile; fileRef = A593A75620E95AC700045291 /* Expectation+Blocking.swift */; };
		A593A75D20E95AC700045291 /* Expectation+Blocking.swift in Sources */ = {isa = PBXBuildFile; fileRef = A593A75620E95AC700045291 /* Expectation+Blocking.swift */; };
		A593A75E20E95AC700045291 /* RxNimble.swift in Sources */ = {isa = PBXBuildFile; fileRef = A593A75720E95AC700045291 /* RxNimble.swift */; };
		A593A75F20E95AC700045291 /* RxNimble.swift in Sources */ = {isa = PBXBuildFile; fileRef = A593A75720E95AC700045291 /* RxNimble.swift */; };
		A593A76020E95AC700045291 /* RxNimble.swift in Sources */ = {isa = PBXBuildFile; fileRef = A593A75720E95AC700045291 /* RxNimble.swift */; };
/* End PBXBuildFile section */

/* Begin PBXFileReference section */
		A593A6F720E83AAD00045291 /* RxNimble.framework */ = {isa = PBXFileReference; explicitFileType = wrapper.framework; includeInIndex = 0; path = RxNimble.framework; sourceTree = BUILT_PRODUCTS_DIR; };
		A593A6FA20E83AAD00045291 /* RxNimble.h */ = {isa = PBXFileReference; lastKnownFileType = sourcecode.c.h; path = RxNimble.h; sourceTree = "<group>"; };
		A593A6FB20E83AAD00045291 /* Info.plist */ = {isa = PBXFileReference; lastKnownFileType = text.plist.xml; path = Info.plist; sourceTree = "<group>"; };
		A593A70920E83B4300045291 /* RxSwift.framework */ = {isa = PBXFileReference; lastKnownFileType = wrapper.framework; name = RxSwift.framework; path = Carthage/Build/iOS/RxSwift.framework; sourceTree = "<group>"; };
		A593A70A20E83B4300045291 /* Nimble.framework */ = {isa = PBXFileReference; lastKnownFileType = wrapper.framework; name = Nimble.framework; path = Carthage/Build/iOS/Nimble.framework; sourceTree = "<group>"; };
		A593A70B20E83B4300045291 /* RxBlocking.framework */ = {isa = PBXFileReference; lastKnownFileType = wrapper.framework; name = RxBlocking.framework; path = Carthage/Build/iOS/RxBlocking.framework; sourceTree = "<group>"; };
		A593A73720E9368100045291 /* RxNimble.framework */ = {isa = PBXFileReference; explicitFileType = wrapper.framework; includeInIndex = 0; path = RxNimble.framework; sourceTree = BUILT_PRODUCTS_DIR; };
		A593A73920E9368100045291 /* RxNimble_macOS.h */ = {isa = PBXFileReference; lastKnownFileType = sourcecode.c.h; path = RxNimble_macOS.h; sourceTree = "<group>"; };
		A593A73A20E9368100045291 /* Info.plist */ = {isa = PBXFileReference; lastKnownFileType = text.plist.xml; path = Info.plist; sourceTree = "<group>"; };
		A593A74720E9566700045291 /* RxNimble.framework */ = {isa = PBXFileReference; explicitFileType = wrapper.framework; includeInIndex = 0; path = RxNimble.framework; sourceTree = BUILT_PRODUCTS_DIR; };
		A593A74920E9566700045291 /* RxNimble_tvOS.h */ = {isa = PBXFileReference; lastKnownFileType = sourcecode.c.h; path = RxNimble_tvOS.h; sourceTree = "<group>"; };
		A593A74A20E9566700045291 /* Info.plist */ = {isa = PBXFileReference; lastKnownFileType = text.plist.xml; path = Info.plist; sourceTree = "<group>"; };
		A593A75520E95AC700045291 /* Expectation+Ext.swift */ = {isa = PBXFileReference; fileEncoding = 4; lastKnownFileType = sourcecode.swift; name = "Expectation+Ext.swift"; path = "Source/Expectation+Ext.swift"; sourceTree = "<group>"; };
		A593A75620E95AC700045291 /* Expectation+Blocking.swift */ = {isa = PBXFileReference; fileEncoding = 4; lastKnownFileType = sourcecode.swift; name = "Expectation+Blocking.swift"; path = "Source/Expectation+Blocking.swift"; sourceTree = "<group>"; };
		A593A75720E95AC700045291 /* RxNimble.swift */ = {isa = PBXFileReference; fileEncoding = 4; lastKnownFileType = sourcecode.swift; name = RxNimble.swift; path = Source/RxNimble.swift; sourceTree = "<group>"; };
/* End PBXFileReference section */

/* Begin PBXFrameworksBuildPhase section */
		A593A6F320E83AAD00045291 /* Frameworks */ = {
			isa = PBXFrameworksBuildPhase;
			buildActionMask = 2147483647;
			files = (
			);
			runOnlyForDeploymentPostprocessing = 0;
		};
		A593A73320E9368100045291 /* Frameworks */ = {
			isa = PBXFrameworksBuildPhase;
			buildActionMask = 2147483647;
			files = (
			);
			runOnlyForDeploymentPostprocessing = 0;
		};
		A593A74320E9566700045291 /* Frameworks */ = {
			isa = PBXFrameworksBuildPhase;
			buildActionMask = 2147483647;
			files = (
			);
			runOnlyForDeploymentPostprocessing = 0;
		};
/* End PBXFrameworksBuildPhase section */

/* Begin PBXGroup section */
		A593A6ED20E83AAD00045291 = {
			isa = PBXGroup;
			children = (
				A593A75420E95AB200045291 /* Source */,
				A593A6F920E83AAD00045291 /* RxNimble */,
				A593A73820E9368100045291 /* RxNimble-macOS */,
				A593A74820E9566700045291 /* RxNimble-tvOS */,
				A593A6F820E83AAD00045291 /* Products */,
				A593A70820E83B4200045291 /* Frameworks */,
			);
			sourceTree = "<group>";
		};
		A593A6F820E83AAD00045291 /* Products */ = {
			isa = PBXGroup;
			children = (
				A593A6F720E83AAD00045291 /* RxNimble.framework */,
				A593A73720E9368100045291 /* RxNimble.framework */,
				A593A74720E9566700045291 /* RxNimble.framework */,
			);
			name = Products;
			sourceTree = "<group>";
		};
		A593A6F920E83AAD00045291 /* RxNimble */ = {
			isa = PBXGroup;
			children = (
				A593A6FA20E83AAD00045291 /* RxNimble.h */,
				A593A6FB20E83AAD00045291 /* Info.plist */,
			);
			path = RxNimble;
			sourceTree = "<group>";
		};
		A593A70820E83B4200045291 /* Frameworks */ = {
			isa = PBXGroup;
			children = (
				A593A70A20E83B4300045291 /* Nimble.framework */,
				A593A70B20E83B4300045291 /* RxBlocking.framework */,
				A593A70920E83B4300045291 /* RxSwift.framework */,
			);
			name = Frameworks;
			sourceTree = "<group>";
		};
		A593A73820E9368100045291 /* RxNimble-macOS */ = {
			isa = PBXGroup;
			children = (
				A593A73920E9368100045291 /* RxNimble_macOS.h */,
				A593A73A20E9368100045291 /* Info.plist */,
			);
			path = "RxNimble-macOS";
			sourceTree = "<group>";
		};
		A593A74820E9566700045291 /* RxNimble-tvOS */ = {
			isa = PBXGroup;
			children = (
				A593A74920E9566700045291 /* RxNimble_tvOS.h */,
				A593A74A20E9566700045291 /* Info.plist */,
			);
			path = "RxNimble-tvOS";
			sourceTree = "<group>";
		};
		A593A75420E95AB200045291 /* Source */ = {
			isa = PBXGroup;
			children = (
				A593A75620E95AC700045291 /* Expectation+Blocking.swift */,
				A593A75520E95AC700045291 /* Expectation+Ext.swift */,
				A593A75720E95AC700045291 /* RxNimble.swift */,
			);
			name = Source;
			sourceTree = "<group>";
		};
/* End PBXGroup section */

/* Begin PBXHeadersBuildPhase section */
		A593A6F420E83AAD00045291 /* Headers */ = {
			isa = PBXHeadersBuildPhase;
			buildActionMask = 2147483647;
			files = (
				A593A6FC20E83AAD00045291 /* RxNimble.h in Headers */,
			);
			runOnlyForDeploymentPostprocessing = 0;
		};
		A593A73420E9368100045291 /* Headers */ = {
			isa = PBXHeadersBuildPhase;
			buildActionMask = 2147483647;
			files = (
				A593A73B20E9368100045291 /* RxNimble_macOS.h in Headers */,
			);
			runOnlyForDeploymentPostprocessing = 0;
		};
		A593A74420E9566700045291 /* Headers */ = {
			isa = PBXHeadersBuildPhase;
			buildActionMask = 2147483647;
			files = (
				A593A74B20E9566700045291 /* RxNimble_tvOS.h in Headers */,
			);
			runOnlyForDeploymentPostprocessing = 0;
		};
/* End PBXHeadersBuildPhase section */

/* Begin PBXNativeTarget section */
		A593A6F620E83AAD00045291 /* RxNimble */ = {
			isa = PBXNativeTarget;
			buildConfigurationList = A593A6FF20E83AAD00045291 /* Build configuration list for PBXNativeTarget "RxNimble" */;
			buildPhases = (
				A593A6F220E83AAD00045291 /* Sources */,
				A593A6F320E83AAD00045291 /* Frameworks */,
				A593A6F420E83AAD00045291 /* Headers */,
				A593A6F520E83AAD00045291 /* Resources */,
			);
			buildRules = (
			);
			dependencies = (
			);
			name = RxNimble;
			productName = RxNimble;
			productReference = A593A6F720E83AAD00045291 /* RxNimble.framework */;
			productType = "com.apple.product-type.framework";
		};
		A593A73620E9368100045291 /* RxNimble-macOS */ = {
			isa = PBXNativeTarget;
			buildConfigurationList = A593A73E20E9368100045291 /* Build configuration list for PBXNativeTarget "RxNimble-macOS" */;
			buildPhases = (
				A593A73220E9368100045291 /* Sources */,
				A593A73320E9368100045291 /* Frameworks */,
				A593A73420E9368100045291 /* Headers */,
				A593A73520E9368100045291 /* Resources */,
			);
			buildRules = (
			);
			dependencies = (
			);
			name = "RxNimble-macOS";
			productName = "RxNimble-macOS";
			productReference = A593A73720E9368100045291 /* RxNimble.framework */;
			productType = "com.apple.product-type.framework";
		};
		A593A74620E9566700045291 /* RxNimble-tvOS */ = {
			isa = PBXNativeTarget;
			buildConfigurationList = A593A74C20E9566700045291 /* Build configuration list for PBXNativeTarget "RxNimble-tvOS" */;
			buildPhases = (
				A593A74220E9566700045291 /* Sources */,
				A593A74320E9566700045291 /* Frameworks */,
				A593A74420E9566700045291 /* Headers */,
				A593A74520E9566700045291 /* Resources */,
			);
			buildRules = (
			);
			dependencies = (
			);
			name = "RxNimble-tvOS";
			productName = "RxNimble-tvOS";
			productReference = A593A74720E9566700045291 /* RxNimble.framework */;
			productType = "com.apple.product-type.framework";
		};
/* End PBXNativeTarget section */

/* Begin PBXProject section */
		A593A6EE20E83AAD00045291 /* Project object */ = {
			isa = PBXProject;
			attributes = {
				LastUpgradeCheck = 0940;
				ORGANIZATIONNAME = com.RxSwift;
				TargetAttributes = {
					A593A6F620E83AAD00045291 = {
						CreatedOnToolsVersion = 9.4;
						LastSwiftMigration = 0940;
					};
					A593A73620E9368100045291 = {
						CreatedOnToolsVersion = 9.4;
						LastSwiftMigration = 0940;
					};
					A593A74620E9566700045291 = {
						CreatedOnToolsVersion = 9.4;
						LastSwiftMigration = 0940;
					};
				};
			};
			buildConfigurationList = A593A6F120E83AAD00045291 /* Build configuration list for PBXProject "RxNimble" */;
			compatibilityVersion = "Xcode 9.3";
			developmentRegion = en;
			hasScannedForEncodings = 0;
			knownRegions = (
				en,
			);
			mainGroup = A593A6ED20E83AAD00045291;
			productRefGroup = A593A6F820E83AAD00045291 /* Products */;
			projectDirPath = "";
			projectRoot = "";
			targets = (
				A593A6F620E83AAD00045291 /* RxNimble */,
				A593A73620E9368100045291 /* RxNimble-macOS */,
				A593A74620E9566700045291 /* RxNimble-tvOS */,
			);
		};
/* End PBXProject section */

/* Begin PBXResourcesBuildPhase section */
		A593A6F520E83AAD00045291 /* Resources */ = {
			isa = PBXResourcesBuildPhase;
			buildActionMask = 2147483647;
			files = (
			);
			runOnlyForDeploymentPostprocessing = 0;
		};
		A593A73520E9368100045291 /* Resources */ = {
			isa = PBXResourcesBuildPhase;
			buildActionMask = 2147483647;
			files = (
			);
			runOnlyForDeploymentPostprocessing = 0;
		};
		A593A74520E9566700045291 /* Resources */ = {
			isa = PBXResourcesBuildPhase;
			buildActionMask = 2147483647;
			files = (
			);
			runOnlyForDeploymentPostprocessing = 0;
		};
/* End PBXResourcesBuildPhase section */

/* Begin PBXSourcesBuildPhase section */
		A593A6F220E83AAD00045291 /* Sources */ = {
			isa = PBXSourcesBuildPhase;
			buildActionMask = 2147483647;
			files = (
				A593A75820E95AC700045291 /* Expectation+Ext.swift in Sources */,
				A593A75B20E95AC700045291 /* Expectation+Blocking.swift in Sources */,
				A593A75E20E95AC700045291 /* RxNimble.swift in Sources */,
			);
			runOnlyForDeploymentPostprocessing = 0;
		};
		A593A73220E9368100045291 /* Sources */ = {
			isa = PBXSourcesBuildPhase;
			buildActionMask = 2147483647;
			files = (
				A593A75920E95AC700045291 /* Expectation+Ext.swift in Sources */,
				A593A75C20E95AC700045291 /* Expectation+Blocking.swift in Sources */,
				A593A75F20E95AC700045291 /* RxNimble.swift in Sources */,
			);
			runOnlyForDeploymentPostprocessing = 0;
		};
		A593A74220E9566700045291 /* Sources */ = {
			isa = PBXSourcesBuildPhase;
			buildActionMask = 2147483647;
			files = (
				A593A75A20E95AC700045291 /* Expectation+Ext.swift in Sources */,
				A593A75D20E95AC700045291 /* Expectation+Blocking.swift in Sources */,
				A593A76020E95AC700045291 /* RxNimble.swift in Sources */,
			);
			runOnlyForDeploymentPostprocessing = 0;
		};
/* End PBXSourcesBuildPhase section */

/* Begin XCBuildConfiguration section */
		A593A6FD20E83AAD00045291 /* Debug */ = {
			isa = XCBuildConfiguration;
			buildSettings = {
				ALWAYS_SEARCH_USER_PATHS = NO;
				CLANG_ANALYZER_NONNULL = YES;
				CLANG_ANALYZER_NUMBER_OBJECT_CONVERSION = YES_AGGRESSIVE;
				CLANG_CXX_LANGUAGE_STANDARD = "gnu++14";
				CLANG_CXX_LIBRARY = "libc++";
				CLANG_ENABLE_MODULES = YES;
				CLANG_ENABLE_OBJC_ARC = YES;
				CLANG_ENABLE_OBJC_WEAK = YES;
				CLANG_WARN_BLOCK_CAPTURE_AUTORELEASING = YES;
				CLANG_WARN_BOOL_CONVERSION = YES;
				CLANG_WARN_COMMA = YES;
				CLANG_WARN_CONSTANT_CONVERSION = YES;
				CLANG_WARN_DEPRECATED_OBJC_IMPLEMENTATIONS = YES;
				CLANG_WARN_DIRECT_OBJC_ISA_USAGE = YES_ERROR;
				CLANG_WARN_DOCUMENTATION_COMMENTS = YES;
				CLANG_WARN_EMPTY_BODY = YES;
				CLANG_WARN_ENUM_CONVERSION = YES;
				CLANG_WARN_INFINITE_RECURSION = YES;
				CLANG_WARN_INT_CONVERSION = YES;
				CLANG_WARN_NON_LITERAL_NULL_CONVERSION = YES;
				CLANG_WARN_OBJC_IMPLICIT_RETAIN_SELF = YES;
				CLANG_WARN_OBJC_LITERAL_CONVERSION = YES;
				CLANG_WARN_OBJC_ROOT_CLASS = YES_ERROR;
				CLANG_WARN_RANGE_LOOP_ANALYSIS = YES;
				CLANG_WARN_STRICT_PROTOTYPES = YES;
				CLANG_WARN_SUSPICIOUS_MOVE = YES;
				CLANG_WARN_UNGUARDED_AVAILABILITY = YES_AGGRESSIVE;
				CLANG_WARN_UNREACHABLE_CODE = YES;
				CLANG_WARN__DUPLICATE_METHOD_MATCH = YES;
				CODE_SIGN_IDENTITY = "iPhone Developer";
				COPY_PHASE_STRIP = NO;
				CURRENT_PROJECT_VERSION = 1;
				DEBUG_INFORMATION_FORMAT = dwarf;
				ENABLE_STRICT_OBJC_MSGSEND = YES;
				ENABLE_TESTABILITY = YES;
				GCC_C_LANGUAGE_STANDARD = gnu11;
				GCC_DYNAMIC_NO_PIC = NO;
				GCC_NO_COMMON_BLOCKS = YES;
				GCC_OPTIMIZATION_LEVEL = 0;
				GCC_PREPROCESSOR_DEFINITIONS = (
					"DEBUG=1",
					"$(inherited)",
				);
				GCC_WARN_64_TO_32_BIT_CONVERSION = YES;
				GCC_WARN_ABOUT_RETURN_TYPE = YES_ERROR;
				GCC_WARN_UNDECLARED_SELECTOR = YES;
				GCC_WARN_UNINITIALIZED_AUTOS = YES_AGGRESSIVE;
				GCC_WARN_UNUSED_FUNCTION = YES;
				GCC_WARN_UNUSED_VARIABLE = YES;
				IPHONEOS_DEPLOYMENT_TARGET = 11.4;
				MTL_ENABLE_DEBUG_INFO = YES;
				ONLY_ACTIVE_ARCH = YES;
				SDKROOT = iphoneos;
				SWIFT_ACTIVE_COMPILATION_CONDITIONS = DEBUG;
				SWIFT_OPTIMIZATION_LEVEL = "-Onone";
				SWIFT_VERSION = 4.0;
				VERSIONING_SYSTEM = "apple-generic";
				VERSION_INFO_PREFIX = "";
			};
			name = Debug;
		};
		A593A6FE20E83AAD00045291 /* Release */ = {
			isa = XCBuildConfiguration;
			buildSettings = {
				ALWAYS_SEARCH_USER_PATHS = NO;
				CLANG_ANALYZER_NONNULL = YES;
				CLANG_ANALYZER_NUMBER_OBJECT_CONVERSION = YES_AGGRESSIVE;
				CLANG_CXX_LANGUAGE_STANDARD = "gnu++14";
				CLANG_CXX_LIBRARY = "libc++";
				CLANG_ENABLE_MODULES = YES;
				CLANG_ENABLE_OBJC_ARC = YES;
				CLANG_ENABLE_OBJC_WEAK = YES;
				CLANG_WARN_BLOCK_CAPTURE_AUTORELEASING = YES;
				CLANG_WARN_BOOL_CONVERSION = YES;
				CLANG_WARN_COMMA = YES;
				CLANG_WARN_CONSTANT_CONVERSION = YES;
				CLANG_WARN_DEPRECATED_OBJC_IMPLEMENTATIONS = YES;
				CLANG_WARN_DIRECT_OBJC_ISA_USAGE = YES_ERROR;
				CLANG_WARN_DOCUMENTATION_COMMENTS = YES;
				CLANG_WARN_EMPTY_BODY = YES;
				CLANG_WARN_ENUM_CONVERSION = YES;
				CLANG_WARN_INFINITE_RECURSION = YES;
				CLANG_WARN_INT_CONVERSION = YES;
				CLANG_WARN_NON_LITERAL_NULL_CONVERSION = YES;
				CLANG_WARN_OBJC_IMPLICIT_RETAIN_SELF = YES;
				CLANG_WARN_OBJC_LITERAL_CONVERSION = YES;
				CLANG_WARN_OBJC_ROOT_CLASS = YES_ERROR;
				CLANG_WARN_RANGE_LOOP_ANALYSIS = YES;
				CLANG_WARN_STRICT_PROTOTYPES = YES;
				CLANG_WARN_SUSPICIOUS_MOVE = YES;
				CLANG_WARN_UNGUARDED_AVAILABILITY = YES_AGGRESSIVE;
				CLANG_WARN_UNREACHABLE_CODE = YES;
				CLANG_WARN__DUPLICATE_METHOD_MATCH = YES;
				CODE_SIGN_IDENTITY = "iPhone Developer";
				COPY_PHASE_STRIP = NO;
				CURRENT_PROJECT_VERSION = 1;
				DEBUG_INFORMATION_FORMAT = "dwarf-with-dsym";
				ENABLE_NS_ASSERTIONS = NO;
				ENABLE_STRICT_OBJC_MSGSEND = YES;
				GCC_C_LANGUAGE_STANDARD = gnu11;
				GCC_NO_COMMON_BLOCKS = YES;
				GCC_WARN_64_TO_32_BIT_CONVERSION = YES;
				GCC_WARN_ABOUT_RETURN_TYPE = YES_ERROR;
				GCC_WARN_UNDECLARED_SELECTOR = YES;
				GCC_WARN_UNINITIALIZED_AUTOS = YES_AGGRESSIVE;
				GCC_WARN_UNUSED_FUNCTION = YES;
				GCC_WARN_UNUSED_VARIABLE = YES;
				IPHONEOS_DEPLOYMENT_TARGET = 11.4;
				MTL_ENABLE_DEBUG_INFO = NO;
				SDKROOT = iphoneos;
				SWIFT_COMPILATION_MODE = wholemodule;
				SWIFT_OPTIMIZATION_LEVEL = "-O";
				SWIFT_VERSION = 4.0;
				VALIDATE_PRODUCT = YES;
				VERSIONING_SYSTEM = "apple-generic";
				VERSION_INFO_PREFIX = "";
			};
			name = Release;
		};
		A593A70020E83AAD00045291 /* Debug */ = {
			isa = XCBuildConfiguration;
			buildSettings = {
				CLANG_ENABLE_MODULES = YES;
				CODE_SIGN_IDENTITY = "";
				CODE_SIGN_STYLE = Automatic;
				DEFINES_MODULE = YES;
				DYLIB_COMPATIBILITY_VERSION = 1;
				DYLIB_CURRENT_VERSION = 1;
				DYLIB_INSTALL_NAME_BASE = "@rpath";
				ENABLE_BITCODE = NO;
				FRAMEWORK_SEARCH_PATHS = (
					"$(inherited)",
					"$(PROJECT_DIR)/Carthage/Build/iOS",
					"$(PROJECT_DIR)/Carthage/Build/Mac",
				);
				INFOPLIST_FILE = RxNimble/Info.plist;
				INSTALL_PATH = "$(LOCAL_LIBRARY_DIR)/Frameworks";
				LD_RUNPATH_SEARCH_PATHS = (
					"$(inherited)",
					"@executable_path/Frameworks",
					"@loader_path/Frameworks",
				);
				PRODUCT_BUNDLE_IDENTIFIER = com.RxSwiftCommunity.RxNimble;
				PRODUCT_NAME = RxNimble;
				SKIP_INSTALL = YES;
				SWIFT_OPTIMIZATION_LEVEL = "-Onone";
				SWIFT_VERSION = 4.0;
				TARGETED_DEVICE_FAMILY = "1,2";
			};
			name = Debug;
		};
		A593A70120E83AAD00045291 /* Release */ = {
			isa = XCBuildConfiguration;
			buildSettings = {
				CLANG_ENABLE_MODULES = YES;
				CODE_SIGN_IDENTITY = "";
				CODE_SIGN_STYLE = Automatic;
				DEFINES_MODULE = YES;
				DYLIB_COMPATIBILITY_VERSION = 1;
				DYLIB_CURRENT_VERSION = 1;
				DYLIB_INSTALL_NAME_BASE = "@rpath";
				ENABLE_BITCODE = NO;
				FRAMEWORK_SEARCH_PATHS = (
					"$(inherited)",
					"$(PROJECT_DIR)/Carthage/Build/iOS",
					"$(PROJECT_DIR)/Carthage/Build/Mac",
				);
				INFOPLIST_FILE = RxNimble/Info.plist;
				INSTALL_PATH = "$(LOCAL_LIBRARY_DIR)/Frameworks";
				LD_RUNPATH_SEARCH_PATHS = (
					"$(inherited)",
					"@executable_path/Frameworks",
					"@loader_path/Frameworks",
				);
				PRODUCT_BUNDLE_IDENTIFIER = com.RxSwiftCommunity.RxNimble;
				PRODUCT_NAME = RxNimble;
				SKIP_INSTALL = YES;
				SWIFT_VERSION = 4.0;
				TARGETED_DEVICE_FAMILY = "1,2";
			};
			name = Release;
		};
		A593A73C20E9368100045291 /* Debug */ = {
			isa = XCBuildConfiguration;
			buildSettings = {
				CLANG_ENABLE_MODULES = YES;
				CODE_SIGN_IDENTITY = "-";
				CODE_SIGN_STYLE = Automatic;
				COMBINE_HIDPI_IMAGES = YES;
				DEFINES_MODULE = YES;
				DYLIB_COMPATIBILITY_VERSION = 1;
				DYLIB_CURRENT_VERSION = 1;
				DYLIB_INSTALL_NAME_BASE = "@rpath";
				FRAMEWORK_VERSION = A;
				INFOPLIST_FILE = "RxNimble-macOS/Info.plist";
				INSTALL_PATH = "$(LOCAL_LIBRARY_DIR)/Frameworks";
				LD_RUNPATH_SEARCH_PATHS = (
					"$(inherited)",
					"@executable_path/../Frameworks",
					"@loader_path/Frameworks",
				);
				MACOSX_DEPLOYMENT_TARGET = 10.13;
				PRODUCT_BUNDLE_IDENTIFIER = "com.RxSwiftCommunity.RxNimble-macOS";
				PRODUCT_NAME = RxNimble;
				SDKROOT = macosx;
				SKIP_INSTALL = YES;
				SWIFT_OPTIMIZATION_LEVEL = "-Onone";
				SWIFT_VERSION = 4.0;
			};
			name = Debug;
		};
		A593A73D20E9368100045291 /* Release */ = {
			isa = XCBuildConfiguration;
			buildSettings = {
				CLANG_ENABLE_MODULES = YES;
				CODE_SIGN_IDENTITY = "-";
				CODE_SIGN_STYLE = Automatic;
				COMBINE_HIDPI_IMAGES = YES;
				DEFINES_MODULE = YES;
				DYLIB_COMPATIBILITY_VERSION = 1;
				DYLIB_CURRENT_VERSION = 1;
				DYLIB_INSTALL_NAME_BASE = "@rpath";
				FRAMEWORK_VERSION = A;
				INFOPLIST_FILE = "RxNimble-macOS/Info.plist";
				INSTALL_PATH = "$(LOCAL_LIBRARY_DIR)/Frameworks";
				LD_RUNPATH_SEARCH_PATHS = (
					"$(inherited)",
					"@executable_path/../Frameworks",
					"@loader_path/Frameworks",
				);
				MACOSX_DEPLOYMENT_TARGET = 10.13;
				PRODUCT_BUNDLE_IDENTIFIER = "com.RxSwiftCommunity.RxNimble-macOS";
				PRODUCT_NAME = RxNimble;
				SDKROOT = macosx;
				SKIP_INSTALL = YES;
				SWIFT_VERSION = 4.0;
			};
			name = Release;
		};
		A593A74D20E9566700045291 /* Debug */ = {
			isa = XCBuildConfiguration;
			buildSettings = {
				CLANG_ENABLE_MODULES = YES;
				CODE_SIGN_IDENTITY = "";
				CODE_SIGN_STYLE = Automatic;
				DEFINES_MODULE = YES;
				DYLIB_COMPATIBILITY_VERSION = 1;
				DYLIB_CURRENT_VERSION = 1;
				DYLIB_INSTALL_NAME_BASE = "@rpath";
				INFOPLIST_FILE = "RxNimble-tvOS/Info.plist";
				INSTALL_PATH = "$(LOCAL_LIBRARY_DIR)/Frameworks";
				LD_RUNPATH_SEARCH_PATHS = (
					"$(inherited)",
					"@executable_path/Frameworks",
					"@loader_path/Frameworks",
				);
				PRODUCT_BUNDLE_IDENTIFIER = "com.RxSwiftCommunity.RxNimble-tvOS";
				PRODUCT_NAME = RxNimble;
				SDKROOT = appletvos;
				SKIP_INSTALL = YES;
				SWIFT_OPTIMIZATION_LEVEL = "-Onone";
				SWIFT_VERSION = 4.0;
				TARGETED_DEVICE_FAMILY = 3;
				TVOS_DEPLOYMENT_TARGET = 11.4;
			};
			name = Debug;
		};
		A593A74E20E9566700045291 /* Release */ = {
			isa = XCBuildConfiguration;
			buildSettings = {
				CLANG_ENABLE_MODULES = YES;
				CODE_SIGN_IDENTITY = "";
				CODE_SIGN_STYLE = Automatic;
				DEFINES_MODULE = YES;
				DYLIB_COMPATIBILITY_VERSION = 1;
				DYLIB_CURRENT_VERSION = 1;
				DYLIB_INSTALL_NAME_BASE = "@rpath";
				INFOPLIST_FILE = "RxNimble-tvOS/Info.plist";
				INSTALL_PATH = "$(LOCAL_LIBRARY_DIR)/Frameworks";
				LD_RUNPATH_SEARCH_PATHS = (
					"$(inherited)",
					"@executable_path/Frameworks",
					"@loader_path/Frameworks",
				);
				PRODUCT_BUNDLE_IDENTIFIER = "com.RxSwiftCommunity.RxNimble-tvOS";
				PRODUCT_NAME = RxNimble;
				SDKROOT = appletvos;
				SKIP_INSTALL = YES;
				SWIFT_VERSION = 4.0;
				TARGETED_DEVICE_FAMILY = 3;
				TVOS_DEPLOYMENT_TARGET = 11.4;
			};
			name = Release;
		};
/* End XCBuildConfiguration section */

/* Begin XCConfigurationList section */
		A593A6F120E83AAD00045291 /* Build configuration list for PBXProject "RxNimble" */ = {
			isa = XCConfigurationList;
			buildConfigurations = (
				A593A6FD20E83AAD00045291 /* Debug */,
				A593A6FE20E83AAD00045291 /* Release */,
			);
			defaultConfigurationIsVisible = 0;
			defaultConfigurationName = Release;
		};
		A593A6FF20E83AAD00045291 /* Build configuration list for PBXNativeTarget "RxNimble" */ = {
			isa = XCConfigurationList;
			buildConfigurations = (
				A593A70020E83AAD00045291 /* Debug */,
				A593A70120E83AAD00045291 /* Release */,
			);
			defaultConfigurationIsVisible = 0;
			defaultConfigurationName = Release;
		};
		A593A73E20E9368100045291 /* Build configuration list for PBXNativeTarget "RxNimble-macOS" */ = {
			isa = XCConfigurationList;
			buildConfigurations = (
				A593A73C20E9368100045291 /* Debug */,
				A593A73D20E9368100045291 /* Release */,
			);
			defaultConfigurationIsVisible = 0;
			defaultConfigurationName = Release;
		};
		A593A74C20E9566700045291 /* Build configuration list for PBXNativeTarget "RxNimble-tvOS" */ = {
			isa = XCConfigurationList;
			buildConfigurations = (
				A593A74D20E9566700045291 /* Debug */,
				A593A74E20E9566700045291 /* Release */,
			);
			defaultConfigurationIsVisible = 0;
			defaultConfigurationName = Release;
		};
/* End XCConfigurationList section */
	};
	rootObject = A593A6EE20E83AAD00045291 /* Project object */;
}
